# This file is autogenerated, do not edit; changes may be undone by the next 'dep ensure'.


[[projects]]
  digest = "1:529d738b7976c3848cae5cf3a8036440166835e389c1f617af701eeb12a0518d"
  name = "github.com/golang/protobuf"
  packages = [
    "proto",
    "protoc-gen-go/descriptor",
    "ptypes",
    "ptypes/any",
    "ptypes/duration",
    "ptypes/timestamp",
  ]
  pruneopts = ""
  revision = "b5d812f8a3706043e23a9cd5babf2e5423744d30"
  version = "v1.3.1"

[[projects]]
  digest = "1:870d441fe217b8e689d7949fef6e43efbc787e50f200cb1e70dbca9204a1d6be"
  name = "github.com/inconshreveable/mousetrap"
  packages = ["."]
  pruneopts = ""
  revision = "76626ae9c91c4f2a10f34cad8ce83ea42c93bb75"
  version = "v1.0"

[[projects]]
  digest = "1:0cc441f3dfe124dd74f44dd7e466dfc17cc7edff468094fbc3847a96b5ebf6f7"
  name = "github.com/nalej/derrors"
  packages = ["."]
  pruneopts = ""
  revision = "7a6df7f0bb1c7cddfec82c91119f193f6fcbc9d5"
  version = "v2.0.0"

[[projects]]
  digest = "1:15537b88eb2389471ee6518ca1850c79783829a0189dd297bb54fe4f67821905"
  name = "github.com/nalej/grpc-authx-go"
  packages = ["."]
  pruneopts = ""
  revision = "c22d2e52e3a56547194a83901fdb7bb2acd08ea1"
  version = "v0.0.48"

[[projects]]
  digest = "1:44f7426538411ea9f774f96e3b102decc9f549b188e55e29ecc15be69542a96b"
  name = "github.com/nalej/grpc-common-go"
  packages = ["."]
  pruneopts = ""
  revision = "e1513decc4192934536180d456748a4c3dec0245"
  version = "v0.0.30"

[[projects]]
  digest = "1:d7695afbf2039f4c504d7e7b3ded13328f044c85bfab3ea999cc0605aebf8c6b"
  name = "github.com/nalej/grpc-device-go"
  packages = ["."]
  pruneopts = ""
  revision = "886db80c51d7123436cc6c74f6ddab6e263b34f9"
  version = "v0.0.34"

[[projects]]
  digest = "1:1b2e0086d0d862f852c47026a1da241fe021380759761f0ff996b1bdc223f670"
  name = "github.com/nalej/grpc-edge-inventory-proxy-go"
  packages = ["."]
  pruneopts = ""
  revision = "296984d018b22f29e11be4cb57dfcf5754ce2c6f"
  version = "v0.0.1"

[[projects]]
  digest = "1:09fb41dc9fd129e4021f026f8be8aa8d36e2b9a55cf2c66d5289fe8d726845aa"
  name = "github.com/nalej/grpc-inventory-go"
  packages = ["."]
  pruneopts = ""
  revision = "b3f09bbfc45a996be12f67d8cb5c0820d94c7e3a"
  version = "v0.0.4"

[[projects]]
  digest = "1:9ff8ea771dd5ddead9b193bfac05af6e9faf547eacced603aec24a39f50dd89d"
  name = "github.com/nalej/grpc-inventory-manager-go"
  packages = ["."]
  pruneopts = ""
  revision = "a772b1757f891474472d50aa452220d9c16a82cf"
  version = "v0.0.10"

[[projects]]
  digest = "1:0e5100c2c9fcced5b1c0f2306742cbd44dd401cfc52a4b90678c02277fb44ac2"
  name = "github.com/nalej/grpc-organization-go"
  packages = ["."]
  pruneopts = ""
  revision = "7d52d468280a36e3c7dff9633303edd50c416b0a"
  version = "v0.0.29"

[[projects]]
  digest = "1:10fc9b68ee6cadf220c5a9268711c2521806cc96e77ac132f67451ea2950954e"
  name = "github.com/nalej/grpc-user-go"
  packages = ["."]
  pruneopts = ""
  revision = "05ecf0dd7746f97320758e963b10e398c1725179"
  version = "v0.0.30"

[[projects]]
  digest = "1:3b6d6b1b349b7a4e3325572853b9e1f95b7f87950be55ae3317f8c91fb878d00"
  name = "github.com/rs/zerolog"
  packages = [
    ".",
    "internal/cbor",
    "internal/json",
    "log",
  ]
  pruneopts = ""
  revision = "acf3980132bfcdc48638724e6e3d9e5749b85999"
  version = "v1.14.3"

[[projects]]
  digest = "1:78715f4ed019d19795e67eed1dc63f525461d925616b1ed02b72582c01362440"
  name = "github.com/spf13/cobra"
  packages = ["."]
  pruneopts = ""
  revision = "67fc4837d267bc9bfd6e47f77783fcc3dffc68de"
  version = "v0.0.4"

[[projects]]
  digest = "1:cbaf13cdbfef0e4734ed8a7504f57fe893d471d62a35b982bf6fb3f036449a66"
  name = "github.com/spf13/pflag"
  packages = ["."]
  pruneopts = ""
  revision = "298182f68c66c05229eb03ac171abe6e309ee79a"
  version = "v1.0.3"

[[projects]]
  branch = "master"
  digest = "1:aa38821ad1406a84f9577465ef53e56ca4d90745a710c753190bf7792d726c82"
  name = "golang.org/x/net"
  packages = [
    "context",
    "http/httpguts",
    "http2",
    "http2/hpack",
    "idna",
    "internal/timeseries",
    "trace",
  ]
  pruneopts = ""
  revision = "3ec19112720433827bbce8be9342797f5a6aaaf9"

[[projects]]
  branch = "master"
  digest = "1:677902b7cbbfa124deba62fc56aaa9ec7ad76ab7c45d42f76c973d3e7a1ef109"
  name = "golang.org/x/sys"
  packages = ["unix"]
  pruneopts = ""
  revision = "61b9204099cb1bebc803c9ffb9b2d3acd9d457d9"

[[projects]]
  digest = "1:740b51a55815493a8d0f2b1e0d0ae48fe48953bf7eaf3fcc4198823bf67768c0"
  name = "golang.org/x/text"
  packages = [
    "collate",
    "collate/build",
    "internal/colltab",
    "internal/gen",
    "internal/language",
    "internal/language/compact",
    "internal/tag",
    "internal/triegen",
    "internal/ucd",
    "language",
    "secure/bidirule",
    "transform",
    "unicode/bidi",
    "unicode/cldr",
    "unicode/norm",
    "unicode/rangetable",
  ]
  pruneopts = ""
  revision = "342b2e1fbaa52c93f31447ad2c6abc048c63e475"
  version = "v0.3.2"

[[projects]]
  branch = "master"
  digest = "1:8dd1ca0dc50d8dd88324c6fe1c355a2006e312849704a702d7ca4a3bf28b065c"
  name = "google.golang.org/genproto"
  packages = ["googleapis/rpc/status"]
  pruneopts = ""
  revision = "bb713bdc0e5239f2b68e560efbe1c701a6fe78f9"

[[projects]]
  digest = "1:afc1b03a6d5ba3cbb2e0a12133e734d472e4df3b65f06e600a3d57a4b82f26cc"
  name = "google.golang.org/grpc"
  packages = [
    ".",
    "balancer",
    "balancer/base",
    "balancer/roundrobin",
    "binarylog/grpc_binarylog_v1",
    "codes",
    "connectivity",
    "credentials",
    "credentials/internal",
    "encoding",
    "encoding/proto",
    "grpclog",
    "internal",
    "internal/backoff",
    "internal/balancerload",
    "internal/binarylog",
    "internal/channelz",
    "internal/envconfig",
    "internal/grpcrand",
    "internal/grpcsync",
    "internal/syscall",
    "internal/transport",
    "keepalive",
    "metadata",
    "naming",
    "peer",
    "reflection",
    "reflection/grpc_reflection_v1alpha",
    "resolver",
    "resolver/dns",
    "resolver/passthrough",
    "stats",
    "status",
    "tap",
  ]
  pruneopts = ""
  revision = "25c4f928eaa6d96443009bd842389fb4fa48664e"
  version = "v1.20.1"

[solve-meta]
  analyzer-name = "dep"
  analyzer-version = 1
  input-imports = [
    "github.com/nalej/derrors",
    "github.com/nalej/grpc-common-go",
    "github.com/nalej/grpc-edge-inventory-proxy-go",
    "github.com/nalej/grpc-inventory-go",
    "github.com/nalej/grpc-inventory-manager-go",
    "github.com/rs/zerolog",
    "github.com/rs/zerolog/log",
    "github.com/spf13/cobra",
    "golang.org/x/net/context",
    "google.golang.org/grpc",
    "google.golang.org/grpc/reflection",
  ]
  solver-name = "gps-cdcl"
  solver-version = 1
