# This file is autogenerated, do not edit; changes may be undone by the next 'dep ensure'.


[[projects]]
  digest = "1:4202ab09395574fdc038cf334a5e3c6887fb41dfd281bbc6007becc115cb44b4"
  name = "github.com/Comcast/pulsar-client-go"
  packages = [
    ".",
    "api",
    "frame",
  ]
  pruneopts = ""
  revision = "d669484e60e7f709498a119f36ed060ed0c1eeed"
  version = "v0.1.1"

[[projects]]
  digest = "1:529d738b7976c3848cae5cf3a8036440166835e389c1f617af701eeb12a0518d"
  name = "github.com/golang/protobuf"
  packages = [
    "jsonpb",
    "proto",
    "protoc-gen-go/descriptor",
    "protoc-gen-go/generator",
    "protoc-gen-go/generator/internal/remap",
    "protoc-gen-go/plugin",
    "ptypes",
    "ptypes/any",
    "ptypes/duration",
    "ptypes/struct",
    "ptypes/timestamp",
    "ptypes/wrappers",
  ]
  pruneopts = ""
  revision = "b5d812f8a3706043e23a9cd5babf2e5423744d30"
  version = "v1.3.1"

[[projects]]
  digest = "1:286e87ff94e953edb261c012556764d5360fd7d892eeff43f44ccdbe1d0d2c0e"
  name = "github.com/grpc-ecosystem/grpc-gateway"
  packages = [
    "internal",
    "runtime",
    "utilities",
  ]
  pruneopts = ""
  revision = "cd0c8ef3533e9c04e6520cac37a81fe262fb0b34"
  version = "v1.9.2"

[[projects]]
  digest = "1:870d441fe217b8e689d7949fef6e43efbc787e50f200cb1e70dbca9204a1d6be"
  name = "github.com/inconshreveable/mousetrap"
  packages = ["."]
  pruneopts = ""
  revision = "76626ae9c91c4f2a10f34cad8ce83ea42c93bb75"
  version = "v1.0"

[[projects]]
  digest = "1:0cc441f3dfe124dd74f44dd7e466dfc17cc7edff468094fbc3847a96b5ebf6f7"
  name = "github.com/nalej/derrors"
  packages = ["."]
  pruneopts = ""
  revision = "7a6df7f0bb1c7cddfec82c91119f193f6fcbc9d5"
  version = "v2.0.0"

[[projects]]
  digest = "1:68d84b15d67868fa490659de39b2d14f5d68674b9ad22406ee21f249d7a3ae04"
  name = "github.com/nalej/grpc-application-go"
  packages = ["."]
  pruneopts = ""
  revision = "ffa17dee9fb51f8fdb71d345c12c05be6ce097cb"
  version = "v0.0.83"

[[projects]]
  digest = "1:cfdc08a44d4a20ba76521e370c464e9a3056154cbe939c8115f3f689b7eedc7a"
  name = "github.com/nalej/grpc-authx-go"
  packages = ["."]
  pruneopts = ""
  revision = "27c410c0c02716415a772e92832e9059a1c3e95a"
  version = "v0.0.50"

[[projects]]
  digest = "1:01ec95aad9b4beb93612dea1952f5737d716e6e60003d63cf30c9522e1a7eaff"
  name = "github.com/nalej/grpc-bus-go"
  packages = ["."]
  pruneopts = ""
  revision = "55719ca647592e083c8bd3bf6f36de5a60371777"
  version = "v0.0.15"

[[projects]]
  digest = "1:44f7426538411ea9f774f96e3b102decc9f549b188e55e29ecc15be69542a96b"
  name = "github.com/nalej/grpc-common-go"
  packages = ["."]
  pruneopts = ""
  revision = "e1513decc4192934536180d456748a4c3dec0245"
  version = "v0.0.30"

[[projects]]
  digest = "1:c9676a5b7c0af47fc9e39c803217a0b3ac0e6cc5077ac7001ccc456ffdc99f36"
  name = "github.com/nalej/grpc-conductor-go"
  packages = ["."]
  pruneopts = ""
  revision = "8111f6b0ae4f36578c1866332493f54c3de86cbe"
  version = "v0.0.91"

[[projects]]
  digest = "1:0bad099051ea5df46222752d38f98673d2ccec88ab40e30a9ec3d1473cbcd634"
  name = "github.com/nalej/grpc-device-controller-go"
  packages = ["."]
  pruneopts = ""
  revision = "a17911a9960d5b17ac0b40f4613a07258b831e69"
  version = "v0.0.8"

[[projects]]
  digest = "1:3ca41f78bb85f99af2d8700df5eb03447f0660fba1360d78bf3fa6d10d89ac85"
  name = "github.com/nalej/grpc-device-go"
  packages = ["."]
  pruneopts = ""
  revision = "4d8993a2e3a050aff85f5f34e0508f84a6ccb270"
  version = "v0.0.38"

[[projects]]
  digest = "1:8bf6a4f61d120a58f7d0f5c623dfd0767ae7719fc98f9ebd12c0cd96205c6e12"
  name = "github.com/nalej/grpc-device-manager-go"
  packages = ["."]
  pruneopts = ""
  revision = "63520a6d8f6e6adaa2e49dcd0fd970eaf285e1de"
  version = "v0.0.14"

[[projects]]
  digest = "1:ed6b5ebf6f7c12f1101693d1d339527dd135044468b5d85636d141ecb2e32fa0"
  name = "github.com/nalej/grpc-edge-controller-go"
  packages = ["."]
  pruneopts = ""
  revision = "883f731e7336d26b6152faeed868be74eff7713a"
  version = "v0.0.13"

[[projects]]
  digest = "1:16eab2dbea8be45953e71fee39a9190cc74a4828bdf734e2cd3fef8570a939ac"
  name = "github.com/nalej/grpc-edge-inventory-proxy-go"
  packages = ["."]
  pruneopts = ""
  revision = "f6934f5a033f138feb51a9af9cd73019804fd74a"
  version = "v0.0.12"

[[projects]]
  digest = "1:45793a945f1c3fadb8ac997ce0056a790fe626c221792f849ca71b86aa1a96f2"
  name = "github.com/nalej/grpc-infrastructure-go"
  packages = ["."]
  pruneopts = ""
  revision = "670c43c3cba1eceadd539001c57a23b0e3791637"
  version = "v0.0.37"

[[projects]]
  digest = "1:93e6da6d334ad56d2a262a0016292cbc896592d7260c57098d13fea1c586a7b5"
  name = "github.com/nalej/grpc-inventory-go"
  packages = ["."]
  pruneopts = ""
  revision = "a0dc962bed5723b36a09c1bb28d41d4d1d50e562"
  version = "v0.0.25"

[[projects]]
  digest = "1:093309473e6dc820f83b0efdd4c424aa4393e13d585ed0d159322c3aec818f71"
  name = "github.com/nalej/grpc-inventory-manager-go"
  packages = ["."]
  pruneopts = ""
  revision = "fbb31d96891ff0bf1d00c81113a82d48e1b10982"
  version = "v0.0.46"

[[projects]]
  digest = "1:f41783cc6d03c6734fe9bb8b42ca4aa87651430e98cd8fe0ad5c72ca30da2efa"
  name = "github.com/nalej/grpc-network-go"
  packages = ["."]
  pruneopts = ""
  revision = "41e32d47652ad671340be2a115d36ec4364070e4"
  version = "v0.0.42"

[[projects]]
  digest = "1:0e5100c2c9fcced5b1c0f2306742cbd44dd401cfc52a4b90678c02277fb44ac2"
  name = "github.com/nalej/grpc-organization-go"
  packages = ["."]
  pruneopts = ""
  revision = "7d52d468280a36e3c7dff9633303edd50c416b0a"
  version = "v0.0.29"

[[projects]]
  digest = "1:10fc9b68ee6cadf220c5a9268711c2521806cc96e77ac132f67451ea2950954e"
  name = "github.com/nalej/grpc-user-go"
  packages = ["."]
  pruneopts = ""
  revision = "05ecf0dd7746f97320758e963b10e398c1725179"
  version = "v0.0.30"

[[projects]]
  digest = "1:347aace88c837e2b1b65a7c603e1b74066e3ad9c26343a2001649e3a2354591b"
  name = "github.com/nalej/grpc-utils"
  packages = ["pkg/conversions"]
  pruneopts = ""
  revision = "926e5152669ee71c0e6904055ebe6cfb5492b599"
  version = "v1.4.0"

[[projects]]
  branch = "master"
  digest = "1:a8453ce1b01aa7596b5a1799f302a26ade3b5b690f3660b10b3de9cb9e0d413b"
  name = "github.com/nalej/nalej-bus"
  packages = [
    "pkg/bus",
    "pkg/bus/pulsar-comcast",
    "pkg/queue",
    "pkg/queue/inventory/events",
    "pkg/queue/inventory/ops",
  ]
  pruneopts = ""
  revision = "ffe7e49b90a64620a0d00f63fc740138f457098c"

[[projects]]
  digest = "1:3b6d6b1b349b7a4e3325572853b9e1f95b7f87950be55ae3317f8c91fb878d00"
  name = "github.com/rs/zerolog"
  packages = [
    ".",
    "internal/cbor",
    "internal/json",
    "log",
  ]
  pruneopts = ""
  revision = "acf3980132bfcdc48638724e6e3d9e5749b85999"
  version = "v1.14.3"

[[projects]]
  digest = "1:0c63b3c7ad6d825a898f28cb854252a3b29d37700c68a117a977263f5ec94efe"
  name = "github.com/spf13/cobra"
  packages = ["."]
  pruneopts = ""
  revision = "f2b07da1e2c38d5f12845a4f607e2e1018cbb1f5"
  version = "v0.0.5"

[[projects]]
  digest = "1:cbaf13cdbfef0e4734ed8a7504f57fe893d471d62a35b982bf6fb3f036449a66"
  name = "github.com/spf13/pflag"
  packages = ["."]
  pruneopts = ""
  revision = "298182f68c66c05229eb03ac171abe6e309ee79a"
  version = "v1.0.3"

[[projects]]
  branch = "master"
  digest = "1:5c6b8395efd72ad4250b7747e2b1a0683c3edb7b0346a938ff45240c7ec53691"
  name = "golang.org/x/net"
  packages = [
    "context",
    "http/httpguts",
    "http2",
    "http2/hpack",
    "idna",
    "internal/timeseries",
    "trace",
  ]
  pruneopts = ""
  revision = "3b0461eec859c4b73bb64fdc8285971fd33e3938"

[[projects]]
  branch = "master"
  digest = "1:46bbbd676304546dd1ca8baf1bc82a5e536f488d8cb97cb519f60d6d0dd9e3ab"
  name = "golang.org/x/sys"
  packages = ["unix"]
  pruneopts = ""
  revision = "bf70e4678053e8a9f269f32f9b29464e4a03a1e6"

[[projects]]
  digest = "1:740b51a55815493a8d0f2b1e0d0ae48fe48953bf7eaf3fcc4198823bf67768c0"
  name = "golang.org/x/text"
  packages = [
    "collate",
    "collate/build",
    "internal/colltab",
    "internal/gen",
    "internal/language",
    "internal/language/compact",
    "internal/tag",
    "internal/triegen",
    "internal/ucd",
    "language",
    "secure/bidirule",
    "transform",
    "unicode/bidi",
    "unicode/cldr",
    "unicode/norm",
    "unicode/rangetable",
  ]
  pruneopts = ""
  revision = "342b2e1fbaa52c93f31447ad2c6abc048c63e475"
  version = "v0.3.2"

[[projects]]
  branch = "master"
  digest = "1:c8da13f7b31f072cc7f75964fcf2d61c731a055fe9f19429c0c517e8e1880197"
  name = "google.golang.org/genproto"
  packages = [
    "googleapis/api/annotations",
    "googleapis/api/httpbody",
    "googleapis/rpc/errdetails",
    "googleapis/rpc/status",
    "protobuf/field_mask",
  ]
  pruneopts = ""
  revision = "6af8c5fc6601ab6b41cd32742a65ce2f5bd9db57"

[[projects]]
  digest = "1:6881653b963cd12dc1a9824aed5e122d0ff38e53e3ee07862f969a56ad2f2e9c"
  name = "google.golang.org/grpc"
  packages = [
    ".",
    "balancer",
    "balancer/base",
    "balancer/roundrobin",
    "binarylog/grpc_binarylog_v1",
    "codes",
    "connectivity",
    "credentials",
    "credentials/internal",
    "encoding",
    "encoding/proto",
    "grpclog",
    "internal",
    "internal/backoff",
    "internal/balancerload",
    "internal/binarylog",
    "internal/channelz",
    "internal/envconfig",
    "internal/grpcrand",
    "internal/grpcsync",
    "internal/syscall",
    "internal/transport",
    "keepalive",
    "metadata",
    "naming",
    "peer",
    "reflection",
    "reflection/grpc_reflection_v1alpha",
    "resolver",
    "resolver/dns",
    "resolver/passthrough",
    "stats",
    "status",
    "tap",
  ]
  pruneopts = ""
  revision = "501c41df7f472c740d0674ff27122f3f48c80ce7"
  version = "v1.21.1"

[solve-meta]
  analyzer-name = "dep"
  analyzer-version = 1
  input-imports = [
    "github.com/nalej/derrors",
    "github.com/nalej/grpc-common-go",
    "github.com/nalej/grpc-edge-controller-go",
    "github.com/nalej/grpc-edge-inventory-proxy-go",
    "github.com/nalej/grpc-inventory-go",
    "github.com/nalej/grpc-inventory-manager-go",
    "github.com/nalej/grpc-network-go",
    "github.com/nalej/grpc-utils/pkg/conversions",
    "github.com/nalej/nalej-bus/pkg/bus/pulsar-comcast",
    "github.com/nalej/nalej-bus/pkg/queue/inventory/events",
    "github.com/nalej/nalej-bus/pkg/queue/inventory/ops",
    "github.com/rs/zerolog",
    "github.com/rs/zerolog/log",
    "github.com/spf13/cobra",
    "golang.org/x/net/context",
    "google.golang.org/grpc",
    "google.golang.org/grpc/reflection",
  ]
  solver-name = "gps-cdcl"
  solver-version = 1
